
Microsoft Visual Studio Solution File, Format Version 12.00
# Visual Studio 15
VisualStudioVersion = 15.0.27703.2035
MinimumVisualStudioVersion = 10.0.40219.1
Project("{2150E333-8FDC-42A3-9474-1A3956D46DE8}") = "ChapterOne", "ChapterOne", "{E5DDF9C2-4697-49F3-8DDF-15F3BE98DC86}"
EndProject
Project("{2150E333-8FDC-42A3-9474-1A3956D46DE8}") = "ChapterTwo", "ChapterTwo", "{E8DA82BA-04BD-4C78-85B7-CAB44CAE4515}"
EndProject
Project("{FAE04EC0-301F-11D3-BF4B-00C04F79EFBC}") = "2_ExerciseOne", "2_ExerciseOne\2_ExerciseOne.csproj", "{76C9C1EF-5DFA-401C-B42B-CA65655D7349}"
EndProject
Project("{FAE04EC0-301F-11D3-BF4B-00C04F79EFBC}") = "1_Exercise6", "1_ExerciseSix\1_Exercise6.csproj", "{389380CA-8240-4FD8-AEA0-3C8531C5F9BE}"
EndProject
Project("{FAE04EC0-301F-11D3-BF4B-00C04F79EFBC}") = "1_Exercise7", "1_ExerciseSeven\1_Exercise7.csproj", "{C0C83C60-82E0-4EE7-9794-970887D24957}"
EndProject
Project("{FAE04EC0-301F-11D3-BF4B-00C04F79EFBC}") = "1_Exercise8", "1_Exercise8\1_Exercise8.csproj", "{37C0E528-4CAB-498E-B6C5-A861767D88F0}"
EndProject
Project("{FAE04EC0-301F-11D3-BF4B-00C04F79EFBC}") = "1_Exercise9", "1_Exercise9\1_Exercise9.csproj", "{88EFC400-FD8C-40E1-BB0B-56133FFC3574}"
EndProject
Project("{FAE04EC0-301F-11D3-BF4B-00C04F79EFBC}") = "1_Exercise10", "1_Exercise10\1_Exercise10.csproj", "{1A841D7F-CA15-400A-BDC8-FDB02D359D63}"
EndProject
Project("{FAE04EC0-301F-11D3-BF4B-00C04F79EFBC}") = "1_Exercise11", "1_Exercise11\1_Exercise11.csproj", "{D1AA864A-48A7-4BC0-8DFC-F42FACE7B303}"
EndProject
Global
	GlobalSection(SolutionConfigurationPlatforms) = preSolution
		Debug|Any CPU = Debug|Any CPU
		Release|Any CPU = Release|Any CPU
	EndGlobalSection
	GlobalSection(ProjectConfigurationPlatforms) = postSolution
		{76C9C1EF-5DFA-401C-B42B-CA65655D7349}.Debug|Any CPU.ActiveCfg = Debug|Any CPU
		{76C9C1EF-5DFA-401C-B42B-CA65655D7349}.Debug|Any CPU.Build.0 = Debug|Any CPU
		{76C9C1EF-5DFA-401C-B42B-CA65655D7349}.Release|Any CPU.ActiveCfg = Release|Any CPU
		{76C9C1EF-5DFA-401C-B42B-CA65655D7349}.Release|Any CPU.Build.0 = Release|Any CPU
		{389380CA-8240-4FD8-AEA0-3C8531C5F9BE}.Debug|Any CPU.ActiveCfg = Debug|Any CPU
		{389380CA-8240-4FD8-AEA0-3C8531C5F9BE}.Debug|Any CPU.Build.0 = Debug|Any CPU
		{389380CA-8240-4FD8-AEA0-3C8531C5F9BE}.Release|Any CPU.ActiveCfg = Release|Any CPU
		{389380CA-8240-4FD8-AEA0-3C8531C5F9BE}.Release|Any CPU.Build.0 = Release|Any CPU
		{C0C83C60-82E0-4EE7-9794-970887D24957}.Debug|Any CPU.ActiveCfg = Debug|Any CPU
		{C0C83C60-82E0-4EE7-9794-970887D24957}.Debug|Any CPU.Build.0 = Debug|Any CPU
		{C0C83C60-82E0-4EE7-9794-970887D24957}.Release|Any CPU.ActiveCfg = Release|Any CPU
		{C0C83C60-82E0-4EE7-9794-970887D24957}.Release|Any CPU.Build.0 = Release|Any CPU
		{37C0E528-4CAB-498E-B6C5-A861767D88F0}.Debug|Any CPU.ActiveCfg = Debug|Any CPU
		{37C0E528-4CAB-498E-B6C5-A861767D88F0}.Debug|Any CPU.Build.0 = Debug|Any CPU
		{37C0E528-4CAB-498E-B6C5-A861767D88F0}.Release|Any CPU.ActiveCfg = Release|Any CPU
		{37C0E528-4CAB-498E-B6C5-A861767D88F0}.Release|Any CPU.Build.0 = Release|Any CPU
		{88EFC400-FD8C-40E1-BB0B-56133FFC3574}.Debug|Any CPU.ActiveCfg = Debug|Any CPU
		{88EFC400-FD8C-40E1-BB0B-56133FFC3574}.Debug|Any CPU.Build.0 = Debug|Any CPU
		{88EFC400-FD8C-40E1-BB0B-56133FFC3574}.Release|Any CPU.ActiveCfg = Release|Any CPU
		{88EFC400-FD8C-40E1-BB0B-56133FFC3574}.Release|Any CPU.Build.0 = Release|Any CPU
		{1A841D7F-CA15-400A-BDC8-FDB02D359D63}.Debug|Any CPU.ActiveCfg = Debug|Any CPU
		{1A841D7F-CA15-400A-BDC8-FDB02D359D63}.Debug|Any CPU.Build.0 = Debug|Any CPU
		{1A841D7F-CA15-400A-BDC8-FDB02D359D63}.Release|Any CPU.ActiveCfg = Release|Any CPU
		{1A841D7F-CA15-400A-BDC8-FDB02D359D63}.Release|Any CPU.Build.0 = Release|Any CPU
		{D1AA864A-48A7-4BC0-8DFC-F42FACE7B303}.Debug|Any CPU.ActiveCfg = Debug|Any CPU
		{D1AA864A-48A7-4BC0-8DFC-F42FACE7B303}.Debug|Any CPU.Build.0 = Debug|Any CPU
		{D1AA864A-48A7-4BC0-8DFC-F42FACE7B303}.Release|Any CPU.ActiveCfg = Release|Any CPU
		{D1AA864A-48A7-4BC0-8DFC-F42FACE7B303}.Release|Any CPU.Build.0 = Release|Any CPU
	EndGlobalSection
	GlobalSection(SolutionProperties) = preSolution
		HideSolutionNode = FALSE
	EndGlobalSection
	GlobalSection(NestedProjects) = preSolution
		{76C9C1EF-5DFA-401C-B42B-CA65655D7349} = {E8DA82BA-04BD-4C78-85B7-CAB44CAE4515}
		{389380CA-8240-4FD8-AEA0-3C8531C5F9BE} = {E5DDF9C2-4697-49F3-8DDF-15F3BE98DC86}
		{C0C83C60-82E0-4EE7-9794-970887D24957} = {E5DDF9C2-4697-49F3-8DDF-15F3BE98DC86}
		{37C0E528-4CAB-498E-B6C5-A861767D88F0} = {E5DDF9C2-4697-49F3-8DDF-15F3BE98DC86}
		{88EFC400-FD8C-40E1-BB0B-56133FFC3574} = {E5DDF9C2-4697-49F3-8DDF-15F3BE98DC86}
		{1A841D7F-CA15-400A-BDC8-FDB02D359D63} = {E5DDF9C2-4697-49F3-8DDF-15F3BE98DC86}
		{D1AA864A-48A7-4BC0-8DFC-F42FACE7B303} = {E5DDF9C2-4697-49F3-8DDF-15F3BE98DC86}
	EndGlobalSection
	GlobalSection(ExtensibilityGlobals) = postSolution
		SolutionGuid = {ED825171-6FF9-42E5-AC91-3CCA27020CA4}
	EndGlobalSection
EndGlobal
